
Microsoft Visual Studio Solution File, Format Version 12.00
# Visual Studio 15
VisualStudioVersion = 15.0.28307.329
MinimumVisualStudioVersion = 10.0.40219.1
Project("{FAE04EC0-301F-11D3-BF4B-00C04F79EFBC}") = "ConsoleApp15", "ConsoleApp15\ConsoleApp15.csproj", "{501911D8-5F40-4897-A271-FE2EF72AF6C0}"
EndProject
Global
	GlobalSection(SolutionConfigurationPlatforms) = preSolution
		Debug|Any CPU = Debug|Any CPU
		Release|Any CPU = Release|Any CPU
	EndGlobalSection
	GlobalSection(ProjectConfigurationPlatforms) = postSolution
		{501911D8-5F40-4897-A271-FE2EF72AF6C0}.Debug|Any CPU.ActiveCfg = Debug|Any CPU
		{501911D8-5F40-4897-A271-FE2EF72AF6C0}.Debug|Any CPU.Build.0 = Debug|Any CPU
		{501911D8-5F40-4897-A271-FE2EF72AF6C0}.Release|Any CPU.ActiveCfg = Release|Any CPU
		{501911D8-5F40-4897-A271-FE2EF72AF6C0}.Release|Any CPU.Build.0 = Release|Any CPU
	EndGlobalSection
	GlobalSection(SolutionProperties) = preSolution
		HideSolutionNode = FALSE
	EndGlobalSection
	GlobalSection(ExtensibilityGlobals) = postSolution
		SolutionGuid = {2B99151E-2EB3-430F-94BF-353CE6F20158}
	EndGlobalSection
EndGlobal
